
Microsoft Visual Studio Solution File, Format Version 12.00
# Visual Studio 15
VisualStudioVersion = 15.0.27130.2010
MinimumVisualStudioVersion = 10.0.40219.1
Project("{2150E333-8FDC-42A3-9474-1A3956D46DE8}") = "src", "src", "{1F97D5A4-285F-4962-8F8C-BCEF8278143B}"
EndProject
Project("{2150E333-8FDC-42A3-9474-1A3956D46DE8}") = "Solution Items", "Solution Items", "{EA7DA5A5-A451-4637-8D7F-E54727C68BD3}"
	ProjectSection(SolutionItems) = preProject
		Clean.cmd = Clean.cmd
		NuGet.Config = NuGet.Config
	EndProjectSection
EndProject
Project("{2150E333-8FDC-42A3-9474-1A3956D46DE8}") = "test", "test", "{ABC72801-895A-4C64-B795-B8CD5B56CEA8}"
EndProject
Project("{2150E333-8FDC-42A3-9474-1A3956D46DE8}") = "shared", "shared", "{4744CD6C-82C3-4D38-A708-3D301A74397F}"
EndProject
Project("{2150E333-8FDC-42A3-9474-1A3956D46DE8}") = "benchmark", "benchmark", "{96E98A2F-3EBF-483C-A63E-4245C0D4F625}"
EndProject
Project("{9A19103F-16F7-4668-BE54-9A1E7A4F7556}") = "Hyperion", "src\Hyperion\Hyperion.csproj", "{EDFF77FB-9D0A-4AC4-8F49-65410D916889}"
EndProject
Project("{9A19103F-16F7-4668-BE54-9A1E7A4F7556}") = "Hyperion.Tests.Net40", "test\Hyperion.Tests.Net40\Hyperion.Tests.Net40.csproj", "{E45F264D-4767-4BEA-BD71-88D58F651D56}"
	ProjectSection(ProjectDependencies) = postProject
		{EDFF77FB-9D0A-4AC4-8F49-65410D916889} = {EDFF77FB-9D0A-4AC4-8F49-65410D916889}
	EndProjectSection
EndProject
Project("{D954291E-2A0B-460D-934E-DC6B0785DB48}") = "CuteAnt.Extensions.Reflection.Sources", "..\CuteAnt.Extensions.Common\src\CuteAnt.Extensions.Reflection.Sources\CuteAnt.Extensions.Reflection.Sources.shproj", "{C7F8DBE6-77B7-494D-AF00-018F7579548C}"
EndProject
Project("{9A19103F-16F7-4668-BE54-9A1E7A4F7556}") = "MessagePack", "src\MessagePack\MessagePack.csproj", "{5F8D68F0-68F6-4B45-AC18-6743E84C51D8}"
EndProject
Project("{9A19103F-16F7-4668-BE54-9A1E7A4F7556}") = "MessagePack.ImmutableCollection", "src\MessagePack.ImmutableCollection\MessagePack.ImmutableCollection.csproj", "{10B0151F-4399-4729-8AE7-F1C173BA6D9D}"
EndProject
Project("{9A19103F-16F7-4668-BE54-9A1E7A4F7556}") = "MessagePack.Tests.Net40", "test\MessagePack.Tests.Net40\MessagePack.Tests.Net40.csproj", "{0878C1C7-D502-40D0-AFE4-0405AA481381}"
EndProject
Project("{9A19103F-16F7-4668-BE54-9A1E7A4F7556}") = "protobuf-net.abstractions", "src\protobuf-net.abstractions\protobuf-net.abstractions.csproj", "{46E04ED5-B4FC-4926-BF50-1CB5F0B8FC75}"
EndProject
Project("{9A19103F-16F7-4668-BE54-9A1E7A4F7556}") = "protobuf-net", "src\protobuf-net\protobuf-net.csproj", "{8E62F940-36E5-42E5-ABA6-130F106DB9AF}"
EndProject
Project("{9A19103F-16F7-4668-BE54-9A1E7A4F7556}") = "ServiceStack.Text", "src\ServiceStack.Text\ServiceStack.Text.csproj", "{068BC4C3-973F-4D6A-82BE-C78D9C01A556}"
EndProject
Project("{9A19103F-16F7-4668-BE54-9A1E7A4F7556}") = "protobuf-net.Test.Net40", "test\protobuf-net.Test.Net40\protobuf-net.Test.Net40.csproj", "{540F4DD1-FF68-41B3-94A5-7F76C692205D}"
EndProject
Project("{9A19103F-16F7-4668-BE54-9A1E7A4F7556}") = "ServiceStack.Text.Tests.Net40", "test\ServiceStack.Text.Tests.Net40\ServiceStack.Text.Tests.Net40.csproj", "{8FB50542-FD25-4860-A164-26942AE2BC41}"
EndProject
Project("{9A19103F-16F7-4668-BE54-9A1E7A4F7556}") = "MessagePack.LZ4", "src\MessagePack.LZ4\MessagePack.LZ4.csproj", "{BA48EC63-8B7D-403D-9843-FD5DC9215C75}"
EndProject
Project("{9A19103F-16F7-4668-BE54-9A1E7A4F7556}") = "CuteAnt.Extensions.Serialization.Abstractions", "src\CuteAnt.Extensions.Serialization.Abstractions\CuteAnt.Extensions.Serialization.Abstractions.csproj", "{5F56F81C-2DAA-41EC-85C8-7850D00BD38D}"
EndProject
Project("{9A19103F-16F7-4668-BE54-9A1E7A4F7556}") = "CuteAnt.Extensions.Serialization", "src\CuteAnt.Extensions.Serialization\CuteAnt.Extensions.Serialization.csproj", "{731BA846-458B-4ABD-A00F-1E414419239F}"
EndProject
Project("{9A19103F-16F7-4668-BE54-9A1E7A4F7556}") = "CuteAnt.Extensions.Serialization.Extensions", "src\CuteAnt.Extensions.Serialization.Extensions\CuteAnt.Extensions.Serialization.Extensions.csproj", "{80022002-562B-45D1-BBC6-AB2B01D796BF}"
EndProject
Project("{9A19103F-16F7-4668-BE54-9A1E7A4F7556}") = "CuteAnt.Extensions.Serialization.Hyperion", "src\CuteAnt.Extensions.Serialization.Hyperion\CuteAnt.Extensions.Serialization.Hyperion.csproj", "{58ADEC51-7830-4B42-A120-A07A1CAC3AD2}"
EndProject
Project("{9A19103F-16F7-4668-BE54-9A1E7A4F7556}") = "CuteAnt.Extensions.Serialization.Protobuf", "src\CuteAnt.Extensions.Serialization.Protobuf\CuteAnt.Extensions.Serialization.Protobuf.csproj", "{152BFF9E-6410-4FDC-BAF2-ABBFC25BF7D3}"
EndProject
Project("{9A19103F-16F7-4668-BE54-9A1E7A4F7556}") = "CuteAnt.Extensions.Serialization.ServiceStack", "src\CuteAnt.Extensions.Serialization.ServiceStack\CuteAnt.Extensions.Serialization.ServiceStack.csproj", "{57ECB6AA-DDDA-4A10-9861-AA8F3F317B83}"
EndProject
Project("{9A19103F-16F7-4668-BE54-9A1E7A4F7556}") = "CuteAnt.Extensions.Serialization.Tests.Net40", "test\CuteAnt.Extensions.Serialization.Tests.Net40\CuteAnt.Extensions.Serialization.Tests.Net40.csproj", "{1BEF9C2F-2D6E-47C1-870D-231AF554676F}"
EndProject
Project("{9A19103F-16F7-4668-BE54-9A1E7A4F7556}") = "CuteAnt.Extensions.Serialization.ExtensionsTests.Net40", "test\CuteAnt.Extensions.Serialization.ExtensionsTests.Net40\CuteAnt.Extensions.Serialization.ExtensionsTests.Net40.csproj", "{2B631011-EE2F-4018-8D87-0DF9B9F7F671}"
EndProject
Global
	GlobalSection(SharedMSBuildProjectFiles) = preSolution
		..\CuteAnt.Extensions.Common\src\CuteAnt.Extensions.Reflection.Sources\CuteAnt.Extensions.Reflection.Sources.projitems*{c7f8dbe6-77b7-494d-af00-018f7579548c}*SharedItemsImports = 13
	EndGlobalSection
	GlobalSection(SolutionConfigurationPlatforms) = preSolution
		Debug|Any CPU = Debug|Any CPU
		Release|Any CPU = Release|Any CPU
	EndGlobalSection
	GlobalSection(ProjectConfigurationPlatforms) = postSolution
		{EDFF77FB-9D0A-4AC4-8F49-65410D916889}.Debug|Any CPU.ActiveCfg = Debug|Any CPU
		{EDFF77FB-9D0A-4AC4-8F49-65410D916889}.Debug|Any CPU.Build.0 = Debug|Any CPU
		{EDFF77FB-9D0A-4AC4-8F49-65410D916889}.Release|Any CPU.ActiveCfg = Release|Any CPU
		{EDFF77FB-9D0A-4AC4-8F49-65410D916889}.Release|Any CPU.Build.0 = Release|Any CPU
		{E45F264D-4767-4BEA-BD71-88D58F651D56}.Debug|Any CPU.ActiveCfg = Debug|Any CPU
		{E45F264D-4767-4BEA-BD71-88D58F651D56}.Debug|Any CPU.Build.0 = Debug|Any CPU
		{E45F264D-4767-4BEA-BD71-88D58F651D56}.Release|Any CPU.ActiveCfg = Release|Any CPU
		{E45F264D-4767-4BEA-BD71-88D58F651D56}.Release|Any CPU.Build.0 = Release|Any CPU
		{5F8D68F0-68F6-4B45-AC18-6743E84C51D8}.Debug|Any CPU.ActiveCfg = Debug|Any CPU
		{5F8D68F0-68F6-4B45-AC18-6743E84C51D8}.Debug|Any CPU.Build.0 = Debug|Any CPU
		{5F8D68F0-68F6-4B45-AC18-6743E84C51D8}.Release|Any CPU.ActiveCfg = Release|Any CPU
		{5F8D68F0-68F6-4B45-AC18-6743E84C51D8}.Release|Any CPU.Build.0 = Release|Any CPU
		{10B0151F-4399-4729-8AE7-F1C173BA6D9D}.Debug|Any CPU.ActiveCfg = Debug|Any CPU
		{10B0151F-4399-4729-8AE7-F1C173BA6D9D}.Debug|Any CPU.Build.0 = Debug|Any CPU
		{10B0151F-4399-4729-8AE7-F1C173BA6D9D}.Release|Any CPU.ActiveCfg = Release|Any CPU
		{10B0151F-4399-4729-8AE7-F1C173BA6D9D}.Release|Any CPU.Build.0 = Release|Any CPU
		{0878C1C7-D502-40D0-AFE4-0405AA481381}.Debug|Any CPU.ActiveCfg = Debug|Any CPU
		{0878C1C7-D502-40D0-AFE4-0405AA481381}.Debug|Any CPU.Build.0 = Debug|Any CPU
		{0878C1C7-D502-40D0-AFE4-0405AA481381}.Release|Any CPU.ActiveCfg = Release|Any CPU
		{0878C1C7-D502-40D0-AFE4-0405AA481381}.Release|Any CPU.Build.0 = Release|Any CPU
		{46E04ED5-B4FC-4926-BF50-1CB5F0B8FC75}.Debug|Any CPU.ActiveCfg = Debug|Any CPU
		{46E04ED5-B4FC-4926-BF50-1CB5F0B8FC75}.Debug|Any CPU.Build.0 = Debug|Any CPU
		{46E04ED5-B4FC-4926-BF50-1CB5F0B8FC75}.Release|Any CPU.ActiveCfg = Release|Any CPU
		{46E04ED5-B4FC-4926-BF50-1CB5F0B8FC75}.Release|Any CPU.Build.0 = Release|Any CPU
		{8E62F940-36E5-42E5-ABA6-130F106DB9AF}.Debug|Any CPU.ActiveCfg = Debug|Any CPU
		{8E62F940-36E5-42E5-ABA6-130F106DB9AF}.Debug|Any CPU.Build.0 = Debug|Any CPU
		{8E62F940-36E5-42E5-ABA6-130F106DB9AF}.Release|Any CPU.ActiveCfg = Release|Any CPU
		{8E62F940-36E5-42E5-ABA6-130F106DB9AF}.Release|Any CPU.Build.0 = Release|Any CPU
		{068BC4C3-973F-4D6A-82BE-C78D9C01A556}.Debug|Any CPU.ActiveCfg = Debug|Any CPU
		{068BC4C3-973F-4D6A-82BE-C78D9C01A556}.Debug|Any CPU.Build.0 = Debug|Any CPU
		{068BC4C3-973F-4D6A-82BE-C78D9C01A556}.Release|Any CPU.ActiveCfg = Release|Any CPU
		{068BC4C3-973F-4D6A-82BE-C78D9C01A556}.Release|Any CPU.Build.0 = Release|Any CPU
		{540F4DD1-FF68-41B3-94A5-7F76C692205D}.Debug|Any CPU.ActiveCfg = Debug|Any CPU
		{540F4DD1-FF68-41B3-94A5-7F76C692205D}.Debug|Any CPU.Build.0 = Debug|Any CPU
		{540F4DD1-FF68-41B3-94A5-7F76C692205D}.Release|Any CPU.ActiveCfg = Release|Any CPU
		{540F4DD1-FF68-41B3-94A5-7F76C692205D}.Release|Any CPU.Build.0 = Release|Any CPU
		{8FB50542-FD25-4860-A164-26942AE2BC41}.Debug|Any CPU.ActiveCfg = Debug|Any CPU
		{8FB50542-FD25-4860-A164-26942AE2BC41}.Debug|Any CPU.Build.0 = Debug|Any CPU
		{8FB50542-FD25-4860-A164-26942AE2BC41}.Release|Any CPU.ActiveCfg = Release|Any CPU
		{8FB50542-FD25-4860-A164-26942AE2BC41}.Release|Any CPU.Build.0 = Release|Any CPU
		{BA48EC63-8B7D-403D-9843-FD5DC9215C75}.Debug|Any CPU.ActiveCfg = Debug|Any CPU
		{BA48EC63-8B7D-403D-9843-FD5DC9215C75}.Debug|Any CPU.Build.0 = Debug|Any CPU
		{BA48EC63-8B7D-403D-9843-FD5DC9215C75}.Release|Any CPU.ActiveCfg = Release|Any CPU
		{BA48EC63-8B7D-403D-9843-FD5DC9215C75}.Release|Any CPU.Build.0 = Release|Any CPU
		{5F56F81C-2DAA-41EC-85C8-7850D00BD38D}.Debug|Any CPU.ActiveCfg = Debug|Any CPU
		{5F56F81C-2DAA-41EC-85C8-7850D00BD38D}.Debug|Any CPU.Build.0 = Debug|Any CPU
		{5F56F81C-2DAA-41EC-85C8-7850D00BD38D}.Release|Any CPU.ActiveCfg = Release|Any CPU
		{5F56F81C-2DAA-41EC-85C8-7850D00BD38D}.Release|Any CPU.Build.0 = Release|Any CPU
		{731BA846-458B-4ABD-A00F-1E414419239F}.Debug|Any CPU.ActiveCfg = Debug|Any CPU
		{731BA846-458B-4ABD-A00F-1E414419239F}.Debug|Any CPU.Build.0 = Debug|Any CPU
		{731BA846-458B-4ABD-A00F-1E414419239F}.Release|Any CPU.ActiveCfg = Release|Any CPU
		{731BA846-458B-4ABD-A00F-1E414419239F}.Release|Any CPU.Build.0 = Release|Any CPU
		{80022002-562B-45D1-BBC6-AB2B01D796BF}.Debug|Any CPU.ActiveCfg = Debug|Any CPU
		{80022002-562B-45D1-BBC6-AB2B01D796BF}.Debug|Any CPU.Build.0 = Debug|Any CPU
		{80022002-562B-45D1-BBC6-AB2B01D796BF}.Release|Any CPU.ActiveCfg = Release|Any CPU
		{80022002-562B-45D1-BBC6-AB2B01D796BF}.Release|Any CPU.Build.0 = Release|Any CPU
		{58ADEC51-7830-4B42-A120-A07A1CAC3AD2}.Debug|Any CPU.ActiveCfg = Debug|Any CPU
		{58ADEC51-7830-4B42-A120-A07A1CAC3AD2}.Debug|Any CPU.Build.0 = Debug|Any CPU
		{58ADEC51-7830-4B42-A120-A07A1CAC3AD2}.Release|Any CPU.ActiveCfg = Release|Any CPU
		{58ADEC51-7830-4B42-A120-A07A1CAC3AD2}.Release|Any CPU.Build.0 = Release|Any CPU
		{152BFF9E-6410-4FDC-BAF2-ABBFC25BF7D3}.Debug|Any CPU.ActiveCfg = Debug|Any CPU
		{152BFF9E-6410-4FDC-BAF2-ABBFC25BF7D3}.Debug|Any CPU.Build.0 = Debug|Any CPU
		{152BFF9E-6410-4FDC-BAF2-ABBFC25BF7D3}.Release|Any CPU.ActiveCfg = Release|Any CPU
		{152BFF9E-6410-4FDC-BAF2-ABBFC25BF7D3}.Release|Any CPU.Build.0 = Release|Any CPU
		{57ECB6AA-DDDA-4A10-9861-AA8F3F317B83}.Debug|Any CPU.ActiveCfg = Debug|Any CPU
		{57ECB6AA-DDDA-4A10-9861-AA8F3F317B83}.Debug|Any CPU.Build.0 = Debug|Any CPU
		{57ECB6AA-DDDA-4A10-9861-AA8F3F317B83}.Release|Any CPU.ActiveCfg = Release|Any CPU
		{57ECB6AA-DDDA-4A10-9861-AA8F3F317B83}.Release|Any CPU.Build.0 = Release|Any CPU
		{1BEF9C2F-2D6E-47C1-870D-231AF554676F}.Debug|Any CPU.ActiveCfg = Debug|Any CPU
		{1BEF9C2F-2D6E-47C1-870D-231AF554676F}.Debug|Any CPU.Build.0 = Debug|Any CPU
		{1BEF9C2F-2D6E-47C1-870D-231AF554676F}.Release|Any CPU.ActiveCfg = Release|Any CPU
		{1BEF9C2F-2D6E-47C1-870D-231AF554676F}.Release|Any CPU.Build.0 = Release|Any CPU
		{2B631011-EE2F-4018-8D87-0DF9B9F7F671}.Debug|Any CPU.ActiveCfg = Debug|Any CPU
		{2B631011-EE2F-4018-8D87-0DF9B9F7F671}.Debug|Any CPU.Build.0 = Debug|Any CPU
		{2B631011-EE2F-4018-8D87-0DF9B9F7F671}.Release|Any CPU.ActiveCfg = Release|Any CPU
		{2B631011-EE2F-4018-8D87-0DF9B9F7F671}.Release|Any CPU.Build.0 = Release|Any CPU
	EndGlobalSection
	GlobalSection(SolutionProperties) = preSolution
		HideSolutionNode = FALSE
	EndGlobalSection
	GlobalSection(NestedProjects) = preSolution
		{EDFF77FB-9D0A-4AC4-8F49-65410D916889} = {1F97D5A4-285F-4962-8F8C-BCEF8278143B}
		{E45F264D-4767-4BEA-BD71-88D58F651D56} = {ABC72801-895A-4C64-B795-B8CD5B56CEA8}
		{C7F8DBE6-77B7-494D-AF00-018F7579548C} = {4744CD6C-82C3-4D38-A708-3D301A74397F}
		{5F8D68F0-68F6-4B45-AC18-6743E84C51D8} = {1F97D5A4-285F-4962-8F8C-BCEF8278143B}
		{10B0151F-4399-4729-8AE7-F1C173BA6D9D} = {1F97D5A4-285F-4962-8F8C-BCEF8278143B}
		{0878C1C7-D502-40D0-AFE4-0405AA481381} = {ABC72801-895A-4C64-B795-B8CD5B56CEA8}
		{46E04ED5-B4FC-4926-BF50-1CB5F0B8FC75} = {1F97D5A4-285F-4962-8F8C-BCEF8278143B}
		{8E62F940-36E5-42E5-ABA6-130F106DB9AF} = {1F97D5A4-285F-4962-8F8C-BCEF8278143B}
		{068BC4C3-973F-4D6A-82BE-C78D9C01A556} = {1F97D5A4-285F-4962-8F8C-BCEF8278143B}
		{540F4DD1-FF68-41B3-94A5-7F76C692205D} = {ABC72801-895A-4C64-B795-B8CD5B56CEA8}
		{8FB50542-FD25-4860-A164-26942AE2BC41} = {ABC72801-895A-4C64-B795-B8CD5B56CEA8}
		{BA48EC63-8B7D-403D-9843-FD5DC9215C75} = {1F97D5A4-285F-4962-8F8C-BCEF8278143B}
		{5F56F81C-2DAA-41EC-85C8-7850D00BD38D} = {1F97D5A4-285F-4962-8F8C-BCEF8278143B}
		{731BA846-458B-4ABD-A00F-1E414419239F} = {1F97D5A4-285F-4962-8F8C-BCEF8278143B}
		{80022002-562B-45D1-BBC6-AB2B01D796BF} = {1F97D5A4-285F-4962-8F8C-BCEF8278143B}
		{58ADEC51-7830-4B42-A120-A07A1CAC3AD2} = {1F97D5A4-285F-4962-8F8C-BCEF8278143B}
		{152BFF9E-6410-4FDC-BAF2-ABBFC25BF7D3} = {1F97D5A4-285F-4962-8F8C-BCEF8278143B}
		{57ECB6AA-DDDA-4A10-9861-AA8F3F317B83} = {1F97D5A4-285F-4962-8F8C-BCEF8278143B}
		{1BEF9C2F-2D6E-47C1-870D-231AF554676F} = {ABC72801-895A-4C64-B795-B8CD5B56CEA8}
		{2B631011-EE2F-4018-8D87-0DF9B9F7F671} = {ABC72801-895A-4C64-B795-B8CD5B56CEA8}
	EndGlobalSection
	GlobalSection(ExtensibilityGlobals) = postSolution
		SolutionGuid = {93230366-D5C3-4397-83D3-ED46E43B8121}
	EndGlobalSection
EndGlobal
