
Microsoft Visual Studio Solution File, Format Version 12.00
# Visual Studio 15
VisualStudioVersion = 15.0.27130.2010
MinimumVisualStudioVersion = 10.0.40219.1
Project("{2150E333-8FDC-42A3-9474-1A3956D46DE8}") = "src", "src", "{1F97D5A4-285F-4962-8F8C-BCEF8278143B}"
EndProject
Project("{2150E333-8FDC-42A3-9474-1A3956D46DE8}") = "Solution Items", "Solution Items", "{EA7DA5A5-A451-4637-8D7F-E54727C68BD3}"
	ProjectSection(SolutionItems) = preProject
		Clean.cmd = Clean.cmd
		NuGet.Config = NuGet.Config
	EndProjectSection
EndProject
Project("{2150E333-8FDC-42A3-9474-1A3956D46DE8}") = "test", "test", "{ABC72801-895A-4C64-B795-B8CD5B56CEA8}"
EndProject
Project("{2150E333-8FDC-42A3-9474-1A3956D46DE8}") = "shared", "shared", "{4744CD6C-82C3-4D38-A708-3D301A74397F}"
EndProject
Project("{2150E333-8FDC-42A3-9474-1A3956D46DE8}") = "benchmark", "benchmark", "{96E98A2F-3EBF-483C-A63E-4245C0D4F625}"
EndProject
Project("{9A19103F-16F7-4668-BE54-9A1E7A4F7556}") = "Hyperion", "src\Hyperion\Hyperion.csproj", "{EDFF77FB-9D0A-4AC4-8F49-65410D916889}"
EndProject
Project("{9A19103F-16F7-4668-BE54-9A1E7A4F7556}") = "Hyperion.Tests", "test\Hyperion.Tests\Hyperion.Tests.csproj", "{DB4C8C31-4E98-4CA8-AAE0-3A22823B9267}"
EndProject
Project("{9A19103F-16F7-4668-BE54-9A1E7A4F7556}") = "Hyperion.Tests.Performance", "test\Hyperion.Tests.Performance\Hyperion.Tests.Performance.csproj", "{977F511B-2572-44B0-98D9-EAE98BE2376A}"
EndProject
Project("{9A19103F-16F7-4668-BE54-9A1E7A4F7556}") = "protobuf-net.abstractions", "src\protobuf-net.abstractions\protobuf-net.abstractions.csproj", "{83CA95E5-DBE5-4991-9012-87F21F7EF5A2}"
EndProject
Project("{9A19103F-16F7-4668-BE54-9A1E7A4F7556}") = "protobuf-net", "src\protobuf-net\protobuf-net.csproj", "{ABF959C2-D08C-4C68-8EB5-97C7740BA1F7}"
EndProject
Project("{9A19103F-16F7-4668-BE54-9A1E7A4F7556}") = "protobuf-net.Test", "test\protobuf-net.Test\protobuf-net.Test.csproj", "{0B76C479-025A-43FF-BFCB-03D1A316545A}"
EndProject
Project("{9A19103F-16F7-4668-BE54-9A1E7A4F7556}") = "ServiceStack.Text", "src\ServiceStack.Text\ServiceStack.Text.csproj", "{16A1F7D6-2FA9-45EF-BCC7-0179BC39D11B}"
EndProject
Project("{9A19103F-16F7-4668-BE54-9A1E7A4F7556}") = "ServiceStack.Text.Tests", "test\ServiceStack.Text.Tests\ServiceStack.Text.Tests.csproj", "{43306085-9630-425F-958F-CA6533A0607B}"
EndProject
Project("{D954291E-2A0B-460D-934E-DC6B0785DB48}") = "CuteAnt.Extensions.Logging.Sources", "..\CuteAnt.Extensions.Common\src\CuteAnt.Extensions.Logging.Sources\CuteAnt.Extensions.Logging.Sources.shproj", "{8DBB7DC8-2B90-4A8C-A60D-D41466174BDE}"
EndProject
Project("{9A19103F-16F7-4668-BE54-9A1E7A4F7556}") = "CuteAnt.Extensions.Serialization.Abstractions", "src\CuteAnt.Extensions.Serialization.Abstractions\CuteAnt.Extensions.Serialization.Abstractions.csproj", "{57970F2C-DAB9-4182-A6FC-305957DA6FCC}"
EndProject
Project("{9A19103F-16F7-4668-BE54-9A1E7A4F7556}") = "CuteAnt.Extensions.Serialization", "src\CuteAnt.Extensions.Serialization\CuteAnt.Extensions.Serialization.csproj", "{199ACFB5-58A4-4A47-B751-E7074076A22B}"
EndProject
Project("{D954291E-2A0B-460D-934E-DC6B0785DB48}") = "CuteAnt.Extensions.StreamReaderAndWriter.Sources", "..\CuteAnt.Extensions.Common\src\CuteAnt.Extensions.StreamReaderAndWriter.Sources\CuteAnt.Extensions.StreamReaderAndWriter.Sources.shproj", "{1AB88764-60ED-44F3-9E98-08391B5F5CDB}"
EndProject
Project("{D954291E-2A0B-460D-934E-DC6B0785DB48}") = "Nito.AsyncEx.Tasks.Sources", "..\CuteAnt.Extensions.Common\src\Nito.AsyncEx.Tasks.Sources\Nito.AsyncEx.Tasks.Sources.shproj", "{90BCC560-AA2B-4146-858A-9E524B696F75}"
EndProject
Project("{D954291E-2A0B-460D-934E-DC6B0785DB48}") = "CuteAnt.Extensions.Reflection.Sources", "..\CuteAnt.Extensions.Common\src\CuteAnt.Extensions.Reflection.Sources\CuteAnt.Extensions.Reflection.Sources.shproj", "{C7F8DBE6-77B7-494D-AF00-018F7579548C}"
EndProject
Project("{9A19103F-16F7-4668-BE54-9A1E7A4F7556}") = "CuteAnt.Extensions.Serialization.Tests", "test\CuteAnt.Extensions.Serialization.Tests\CuteAnt.Extensions.Serialization.Tests.csproj", "{CE2B98AA-C5CA-408A-BC27-3B8A32CBD31B}"
EndProject
Project("{9A19103F-16F7-4668-BE54-9A1E7A4F7556}") = "CuteAnt.Extensions.Serialization.Bson", "src\CuteAnt.Extensions.Serialization.Bson\CuteAnt.Extensions.Serialization.Bson.csproj", "{CDFABCE2-B068-4067-83A4-53C06F2DEB43}"
EndProject
Project("{9A19103F-16F7-4668-BE54-9A1E7A4F7556}") = "CuteAnt.Extensions.Serialization.Hyperion", "src\CuteAnt.Extensions.Serialization.Hyperion\CuteAnt.Extensions.Serialization.Hyperion.csproj", "{5660C366-2E9C-4093-B574-CE04646757B6}"
EndProject
Project("{9A19103F-16F7-4668-BE54-9A1E7A4F7556}") = "CuteAnt.Extensions.Serialization.ServiceStack", "src\CuteAnt.Extensions.Serialization.ServiceStack\CuteAnt.Extensions.Serialization.ServiceStack.csproj", "{5E666721-75A0-451F-A95A-730ED7D8B746}"
EndProject
Project("{9A19103F-16F7-4668-BE54-9A1E7A4F7556}") = "CuteAnt.Extensions.Serialization.Protobuf", "src\CuteAnt.Extensions.Serialization.Protobuf\CuteAnt.Extensions.Serialization.Protobuf.csproj", "{09A05F56-0B9D-4230-B19E-9AD404DDEF46}"
EndProject
Project("{9A19103F-16F7-4668-BE54-9A1E7A4F7556}") = "MessagePack", "src\MessagePack\MessagePack.csproj", "{C82DFDED-7943-4F53-958F-7E281EDC6920}"
EndProject
Global
	GlobalSection(SharedMSBuildProjectFiles) = preSolution
		..\CuteAnt.Extensions.Common\src\CuteAnt.Extensions.StreamReaderAndWriter.Sources\CuteAnt.Extensions.StreamReaderAndWriter.Sources.projitems*{1ab88764-60ed-44f3-9e98-08391b5f5cdb}*SharedItemsImports = 13
		..\CuteAnt.Extensions.Common\src\CuteAnt.Extensions.Logging.Sources\CuteAnt.Extensions.Logging.Sources.projitems*{8dbb7dc8-2b90-4a8c-a60d-d41466174bde}*SharedItemsImports = 13
		..\CuteAnt.Extensions.Common\src\Nito.AsyncEx.Tasks.Sources\Nito.AsyncEx.Tasks.Sources.projitems*{90bcc560-aa2b-4146-858a-9e524b696f75}*SharedItemsImports = 13
		..\CuteAnt.Extensions.Common\src\CuteAnt.Extensions.Reflection.Sources\CuteAnt.Extensions.Reflection.Sources.projitems*{c7f8dbe6-77b7-494d-af00-018f7579548c}*SharedItemsImports = 13
	EndGlobalSection
	GlobalSection(SolutionConfigurationPlatforms) = preSolution
		Debug|Any CPU = Debug|Any CPU
		Release|Any CPU = Release|Any CPU
	EndGlobalSection
	GlobalSection(ProjectConfigurationPlatforms) = postSolution
		{EDFF77FB-9D0A-4AC4-8F49-65410D916889}.Debug|Any CPU.ActiveCfg = Debug|Any CPU
		{EDFF77FB-9D0A-4AC4-8F49-65410D916889}.Debug|Any CPU.Build.0 = Debug|Any CPU
		{EDFF77FB-9D0A-4AC4-8F49-65410D916889}.Release|Any CPU.ActiveCfg = Release|Any CPU
		{EDFF77FB-9D0A-4AC4-8F49-65410D916889}.Release|Any CPU.Build.0 = Release|Any CPU
		{DB4C8C31-4E98-4CA8-AAE0-3A22823B9267}.Debug|Any CPU.ActiveCfg = Debug|Any CPU
		{DB4C8C31-4E98-4CA8-AAE0-3A22823B9267}.Debug|Any CPU.Build.0 = Debug|Any CPU
		{DB4C8C31-4E98-4CA8-AAE0-3A22823B9267}.Release|Any CPU.ActiveCfg = Release|Any CPU
		{DB4C8C31-4E98-4CA8-AAE0-3A22823B9267}.Release|Any CPU.Build.0 = Release|Any CPU
		{977F511B-2572-44B0-98D9-EAE98BE2376A}.Debug|Any CPU.ActiveCfg = Debug|Any CPU
		{977F511B-2572-44B0-98D9-EAE98BE2376A}.Debug|Any CPU.Build.0 = Debug|Any CPU
		{977F511B-2572-44B0-98D9-EAE98BE2376A}.Release|Any CPU.ActiveCfg = Release|Any CPU
		{977F511B-2572-44B0-98D9-EAE98BE2376A}.Release|Any CPU.Build.0 = Release|Any CPU
		{83CA95E5-DBE5-4991-9012-87F21F7EF5A2}.Debug|Any CPU.ActiveCfg = Debug|Any CPU
		{83CA95E5-DBE5-4991-9012-87F21F7EF5A2}.Debug|Any CPU.Build.0 = Debug|Any CPU
		{83CA95E5-DBE5-4991-9012-87F21F7EF5A2}.Release|Any CPU.ActiveCfg = Release|Any CPU
		{83CA95E5-DBE5-4991-9012-87F21F7EF5A2}.Release|Any CPU.Build.0 = Release|Any CPU
		{ABF959C2-D08C-4C68-8EB5-97C7740BA1F7}.Debug|Any CPU.ActiveCfg = Debug|Any CPU
		{ABF959C2-D08C-4C68-8EB5-97C7740BA1F7}.Debug|Any CPU.Build.0 = Debug|Any CPU
		{ABF959C2-D08C-4C68-8EB5-97C7740BA1F7}.Release|Any CPU.ActiveCfg = Release|Any CPU
		{ABF959C2-D08C-4C68-8EB5-97C7740BA1F7}.Release|Any CPU.Build.0 = Release|Any CPU
		{0B76C479-025A-43FF-BFCB-03D1A316545A}.Debug|Any CPU.ActiveCfg = Debug|Any CPU
		{0B76C479-025A-43FF-BFCB-03D1A316545A}.Debug|Any CPU.Build.0 = Debug|Any CPU
		{0B76C479-025A-43FF-BFCB-03D1A316545A}.Release|Any CPU.ActiveCfg = Release|Any CPU
		{0B76C479-025A-43FF-BFCB-03D1A316545A}.Release|Any CPU.Build.0 = Release|Any CPU
		{16A1F7D6-2FA9-45EF-BCC7-0179BC39D11B}.Debug|Any CPU.ActiveCfg = Debug|Any CPU
		{16A1F7D6-2FA9-45EF-BCC7-0179BC39D11B}.Debug|Any CPU.Build.0 = Debug|Any CPU
		{16A1F7D6-2FA9-45EF-BCC7-0179BC39D11B}.Release|Any CPU.ActiveCfg = Release|Any CPU
		{16A1F7D6-2FA9-45EF-BCC7-0179BC39D11B}.Release|Any CPU.Build.0 = Release|Any CPU
		{43306085-9630-425F-958F-CA6533A0607B}.Debug|Any CPU.ActiveCfg = Debug|Any CPU
		{43306085-9630-425F-958F-CA6533A0607B}.Debug|Any CPU.Build.0 = Debug|Any CPU
		{43306085-9630-425F-958F-CA6533A0607B}.Release|Any CPU.ActiveCfg = Release|Any CPU
		{43306085-9630-425F-958F-CA6533A0607B}.Release|Any CPU.Build.0 = Release|Any CPU
		{57970F2C-DAB9-4182-A6FC-305957DA6FCC}.Debug|Any CPU.ActiveCfg = Debug|Any CPU
		{57970F2C-DAB9-4182-A6FC-305957DA6FCC}.Debug|Any CPU.Build.0 = Debug|Any CPU
		{57970F2C-DAB9-4182-A6FC-305957DA6FCC}.Release|Any CPU.ActiveCfg = Release|Any CPU
		{57970F2C-DAB9-4182-A6FC-305957DA6FCC}.Release|Any CPU.Build.0 = Release|Any CPU
		{199ACFB5-58A4-4A47-B751-E7074076A22B}.Debug|Any CPU.ActiveCfg = Debug|Any CPU
		{199ACFB5-58A4-4A47-B751-E7074076A22B}.Debug|Any CPU.Build.0 = Debug|Any CPU
		{199ACFB5-58A4-4A47-B751-E7074076A22B}.Release|Any CPU.ActiveCfg = Release|Any CPU
		{199ACFB5-58A4-4A47-B751-E7074076A22B}.Release|Any CPU.Build.0 = Release|Any CPU
		{CE2B98AA-C5CA-408A-BC27-3B8A32CBD31B}.Debug|Any CPU.ActiveCfg = Debug|Any CPU
		{CE2B98AA-C5CA-408A-BC27-3B8A32CBD31B}.Debug|Any CPU.Build.0 = Debug|Any CPU
		{CE2B98AA-C5CA-408A-BC27-3B8A32CBD31B}.Release|Any CPU.ActiveCfg = Release|Any CPU
		{CE2B98AA-C5CA-408A-BC27-3B8A32CBD31B}.Release|Any CPU.Build.0 = Release|Any CPU
		{CDFABCE2-B068-4067-83A4-53C06F2DEB43}.Debug|Any CPU.ActiveCfg = Debug|Any CPU
		{CDFABCE2-B068-4067-83A4-53C06F2DEB43}.Debug|Any CPU.Build.0 = Debug|Any CPU
		{CDFABCE2-B068-4067-83A4-53C06F2DEB43}.Release|Any CPU.ActiveCfg = Release|Any CPU
		{CDFABCE2-B068-4067-83A4-53C06F2DEB43}.Release|Any CPU.Build.0 = Release|Any CPU
		{5660C366-2E9C-4093-B574-CE04646757B6}.Debug|Any CPU.ActiveCfg = Debug|Any CPU
		{5660C366-2E9C-4093-B574-CE04646757B6}.Debug|Any CPU.Build.0 = Debug|Any CPU
		{5660C366-2E9C-4093-B574-CE04646757B6}.Release|Any CPU.ActiveCfg = Release|Any CPU
		{5660C366-2E9C-4093-B574-CE04646757B6}.Release|Any CPU.Build.0 = Release|Any CPU
		{5E666721-75A0-451F-A95A-730ED7D8B746}.Debug|Any CPU.ActiveCfg = Debug|Any CPU
		{5E666721-75A0-451F-A95A-730ED7D8B746}.Debug|Any CPU.Build.0 = Debug|Any CPU
		{5E666721-75A0-451F-A95A-730ED7D8B746}.Release|Any CPU.ActiveCfg = Release|Any CPU
		{5E666721-75A0-451F-A95A-730ED7D8B746}.Release|Any CPU.Build.0 = Release|Any CPU
		{09A05F56-0B9D-4230-B19E-9AD404DDEF46}.Debug|Any CPU.ActiveCfg = Debug|Any CPU
		{09A05F56-0B9D-4230-B19E-9AD404DDEF46}.Debug|Any CPU.Build.0 = Debug|Any CPU
		{09A05F56-0B9D-4230-B19E-9AD404DDEF46}.Release|Any CPU.ActiveCfg = Release|Any CPU
		{09A05F56-0B9D-4230-B19E-9AD404DDEF46}.Release|Any CPU.Build.0 = Release|Any CPU
		{C82DFDED-7943-4F53-958F-7E281EDC6920}.Debug|Any CPU.ActiveCfg = Debug|Any CPU
		{C82DFDED-7943-4F53-958F-7E281EDC6920}.Debug|Any CPU.Build.0 = Debug|Any CPU
		{C82DFDED-7943-4F53-958F-7E281EDC6920}.Release|Any CPU.ActiveCfg = Release|Any CPU
		{C82DFDED-7943-4F53-958F-7E281EDC6920}.Release|Any CPU.Build.0 = Release|Any CPU
	EndGlobalSection
	GlobalSection(SolutionProperties) = preSolution
		HideSolutionNode = FALSE
	EndGlobalSection
	GlobalSection(NestedProjects) = preSolution
		{EDFF77FB-9D0A-4AC4-8F49-65410D916889} = {1F97D5A4-285F-4962-8F8C-BCEF8278143B}
		{DB4C8C31-4E98-4CA8-AAE0-3A22823B9267} = {ABC72801-895A-4C64-B795-B8CD5B56CEA8}
		{977F511B-2572-44B0-98D9-EAE98BE2376A} = {ABC72801-895A-4C64-B795-B8CD5B56CEA8}
		{83CA95E5-DBE5-4991-9012-87F21F7EF5A2} = {1F97D5A4-285F-4962-8F8C-BCEF8278143B}
		{ABF959C2-D08C-4C68-8EB5-97C7740BA1F7} = {1F97D5A4-285F-4962-8F8C-BCEF8278143B}
		{0B76C479-025A-43FF-BFCB-03D1A316545A} = {ABC72801-895A-4C64-B795-B8CD5B56CEA8}
		{16A1F7D6-2FA9-45EF-BCC7-0179BC39D11B} = {1F97D5A4-285F-4962-8F8C-BCEF8278143B}
		{43306085-9630-425F-958F-CA6533A0607B} = {ABC72801-895A-4C64-B795-B8CD5B56CEA8}
		{8DBB7DC8-2B90-4A8C-A60D-D41466174BDE} = {4744CD6C-82C3-4D38-A708-3D301A74397F}
		{57970F2C-DAB9-4182-A6FC-305957DA6FCC} = {1F97D5A4-285F-4962-8F8C-BCEF8278143B}
		{199ACFB5-58A4-4A47-B751-E7074076A22B} = {1F97D5A4-285F-4962-8F8C-BCEF8278143B}
		{1AB88764-60ED-44F3-9E98-08391B5F5CDB} = {4744CD6C-82C3-4D38-A708-3D301A74397F}
		{90BCC560-AA2B-4146-858A-9E524B696F75} = {4744CD6C-82C3-4D38-A708-3D301A74397F}
		{C7F8DBE6-77B7-494D-AF00-018F7579548C} = {4744CD6C-82C3-4D38-A708-3D301A74397F}
		{CE2B98AA-C5CA-408A-BC27-3B8A32CBD31B} = {ABC72801-895A-4C64-B795-B8CD5B56CEA8}
		{CDFABCE2-B068-4067-83A4-53C06F2DEB43} = {1F97D5A4-285F-4962-8F8C-BCEF8278143B}
		{5660C366-2E9C-4093-B574-CE04646757B6} = {1F97D5A4-285F-4962-8F8C-BCEF8278143B}
		{5E666721-75A0-451F-A95A-730ED7D8B746} = {1F97D5A4-285F-4962-8F8C-BCEF8278143B}
		{09A05F56-0B9D-4230-B19E-9AD404DDEF46} = {1F97D5A4-285F-4962-8F8C-BCEF8278143B}
		{C82DFDED-7943-4F53-958F-7E281EDC6920} = {1F97D5A4-285F-4962-8F8C-BCEF8278143B}
	EndGlobalSection
	GlobalSection(ExtensibilityGlobals) = postSolution
		SolutionGuid = {93230366-D5C3-4397-83D3-ED46E43B8121}
	EndGlobalSection
EndGlobal
