
Microsoft Visual Studio Solution File, Format Version 12.00
# Visual Studio 15
VisualStudioVersion = 15.0.27130.2020
MinimumVisualStudioVersion = 10.0.40219.1
Project("{2150E333-8FDC-42A3-9474-1A3956D46DE8}") = "src", "src", "{1F97D5A4-285F-4962-8F8C-BCEF8278143B}"
EndProject
Project("{2150E333-8FDC-42A3-9474-1A3956D46DE8}") = "Solution Items", "Solution Items", "{EA7DA5A5-A451-4637-8D7F-E54727C68BD3}"
	ProjectSection(SolutionItems) = preProject
		Clean.cmd = Clean.cmd
		NuGet.Config = NuGet.Config
	EndProjectSection
EndProject
Project("{2150E333-8FDC-42A3-9474-1A3956D46DE8}") = "test", "test", "{ABC72801-895A-4C64-B795-B8CD5B56CEA8}"
EndProject
Project("{2150E333-8FDC-42A3-9474-1A3956D46DE8}") = "shared", "shared", "{4744CD6C-82C3-4D38-A708-3D301A74397F}"
EndProject
Project("{2150E333-8FDC-42A3-9474-1A3956D46DE8}") = "benchmark", "benchmark", "{96E98A2F-3EBF-483C-A63E-4245C0D4F625}"
EndProject
Project("{9A19103F-16F7-4668-BE54-9A1E7A4F7556}") = "Hyperion", "src\Hyperion\Hyperion.csproj", "{EDFF77FB-9D0A-4AC4-8F49-65410D916889}"
EndProject
Project("{9A19103F-16F7-4668-BE54-9A1E7A4F7556}") = "Hyperion.Tests", "test\Hyperion.Tests\Hyperion.Tests.csproj", "{DB4C8C31-4E98-4CA8-AAE0-3A22823B9267}"
EndProject
Project("{9A19103F-16F7-4668-BE54-9A1E7A4F7556}") = "Hyperion.Tests.Performance", "test\Hyperion.Tests.Performance\Hyperion.Tests.Performance.csproj", "{977F511B-2572-44B0-98D9-EAE98BE2376A}"
EndProject
Project("{9A19103F-16F7-4668-BE54-9A1E7A4F7556}") = "protobuf-net.abstractions", "src\protobuf-net.abstractions\protobuf-net.abstractions.csproj", "{83CA95E5-DBE5-4991-9012-87F21F7EF5A2}"
EndProject
Project("{9A19103F-16F7-4668-BE54-9A1E7A4F7556}") = "protobuf-net", "src\protobuf-net\protobuf-net.csproj", "{ABF959C2-D08C-4C68-8EB5-97C7740BA1F7}"
EndProject
Project("{9A19103F-16F7-4668-BE54-9A1E7A4F7556}") = "protobuf-net.Test", "test\protobuf-net.Test\protobuf-net.Test.csproj", "{0B76C479-025A-43FF-BFCB-03D1A316545A}"
EndProject
Project("{9A19103F-16F7-4668-BE54-9A1E7A4F7556}") = "ServiceStack.Text", "src\ServiceStack.Text\ServiceStack.Text.csproj", "{16A1F7D6-2FA9-45EF-BCC7-0179BC39D11B}"
EndProject
Project("{D954291E-2A0B-460D-934E-DC6B0785DB48}") = "CuteAnt.Extensions.Logging.Sources", "..\CuteAnt.Extensions.Common\src\CuteAnt.Extensions.Logging.Sources\CuteAnt.Extensions.Logging.Sources.shproj", "{8DBB7DC8-2B90-4A8C-A60D-D41466174BDE}"
EndProject
Project("{9A19103F-16F7-4668-BE54-9A1E7A4F7556}") = "CuteAnt.Extensions.Serialization.Abstractions", "src\CuteAnt.Extensions.Serialization.Abstractions\CuteAnt.Extensions.Serialization.Abstractions.csproj", "{57970F2C-DAB9-4182-A6FC-305957DA6FCC}"
EndProject
Project("{9A19103F-16F7-4668-BE54-9A1E7A4F7556}") = "CuteAnt.Extensions.Serialization", "src\CuteAnt.Extensions.Serialization\CuteAnt.Extensions.Serialization.csproj", "{199ACFB5-58A4-4A47-B751-E7074076A22B}"
EndProject
Project("{D954291E-2A0B-460D-934E-DC6B0785DB48}") = "CuteAnt.Extensions.StreamReaderAndWriter.Sources", "..\CuteAnt.Extensions.Common\src\CuteAnt.Extensions.StreamReaderAndWriter.Sources\CuteAnt.Extensions.StreamReaderAndWriter.Sources.shproj", "{1AB88764-60ED-44F3-9E98-08391B5F5CDB}"
EndProject
Project("{D954291E-2A0B-460D-934E-DC6B0785DB48}") = "Nito.AsyncEx.Tasks.Sources", "..\CuteAnt.Extensions.Common\src\Nito.AsyncEx.Tasks.Sources\Nito.AsyncEx.Tasks.Sources.shproj", "{90BCC560-AA2B-4146-858A-9E524B696F75}"
EndProject
Project("{D954291E-2A0B-460D-934E-DC6B0785DB48}") = "CuteAnt.Extensions.Reflection.Sources", "..\CuteAnt.Extensions.Common\src\CuteAnt.Extensions.Reflection.Sources\CuteAnt.Extensions.Reflection.Sources.shproj", "{C7F8DBE6-77B7-494D-AF00-018F7579548C}"
EndProject
Project("{9A19103F-16F7-4668-BE54-9A1E7A4F7556}") = "CuteAnt.Extensions.Serialization.Tests", "test\CuteAnt.Extensions.Serialization.Tests\CuteAnt.Extensions.Serialization.Tests.csproj", "{CE2B98AA-C5CA-408A-BC27-3B8A32CBD31B}"
EndProject
Project("{9A19103F-16F7-4668-BE54-9A1E7A4F7556}") = "CuteAnt.Extensions.Serialization.Hyperion", "src\CuteAnt.Extensions.Serialization.Hyperion\CuteAnt.Extensions.Serialization.Hyperion.csproj", "{5660C366-2E9C-4093-B574-CE04646757B6}"
EndProject
Project("{9A19103F-16F7-4668-BE54-9A1E7A4F7556}") = "CuteAnt.Extensions.Serialization.ServiceStack", "src\CuteAnt.Extensions.Serialization.ServiceStack\CuteAnt.Extensions.Serialization.ServiceStack.csproj", "{5E666721-75A0-451F-A95A-730ED7D8B746}"
EndProject
Project("{9A19103F-16F7-4668-BE54-9A1E7A4F7556}") = "CuteAnt.Extensions.Serialization.Protobuf", "src\CuteAnt.Extensions.Serialization.Protobuf\CuteAnt.Extensions.Serialization.Protobuf.csproj", "{09A05F56-0B9D-4230-B19E-9AD404DDEF46}"
EndProject
Project("{9A19103F-16F7-4668-BE54-9A1E7A4F7556}") = "MessagePack", "src\MessagePack\MessagePack.csproj", "{C82DFDED-7943-4F53-958F-7E281EDC6920}"
EndProject
Project("{9A19103F-16F7-4668-BE54-9A1E7A4F7556}") = "ServiceStack.Text.Tests", "test\ServiceStack.Text.Tests\ServiceStack.Text.Tests.csproj", "{51D2211E-6951-47AA-861C-435F063E57EC}"
EndProject
Project("{9A19103F-16F7-4668-BE54-9A1E7A4F7556}") = "MessagePack.ImmutableCollection", "src\MessagePack.ImmutableCollection\MessagePack.ImmutableCollection.csproj", "{CE061F52-D9EF-4A99-A030-C3FFB2B7A56C}"
EndProject
Project("{9A19103F-16F7-4668-BE54-9A1E7A4F7556}") = "MessagePack.Tests", "test\MessagePack.Tests\MessagePack.Tests.csproj", "{C1860D93-0C8E-4041-934C-3E7408DA3F9D}"
EndProject
Project("{9A19103F-16F7-4668-BE54-9A1E7A4F7556}") = "MessagePack.LZ4", "src\MessagePack.LZ4\MessagePack.LZ4.csproj", "{B51B4031-D2FF-42F0-B507-CFB2B2483DAB}"
EndProject
Project("{D954291E-2A0B-460D-934E-DC6B0785DB48}") = "System.IO.Pipelines.Extensions", "..\CuteAnt.Extensions.Common\src\System.IO.Pipelines.Extensions\System.IO.Pipelines.Extensions.shproj", "{1FA24735-F7F1-4187-A5BB-CEA4BB2969D2}"
EndProject
Project("{D954291E-2A0B-460D-934E-DC6B0785DB48}") = "System.IO.Stream.Extensions", "..\CuteAnt.Extensions.Common\src\System.IO.Stream.Extensions\System.IO.Stream.Extensions.shproj", "{2208BF33-D4BE-4E32-846E-320FF307C0A4}"
EndProject
Project("{9A19103F-16F7-4668-BE54-9A1E7A4F7556}") = "CuteAnt.Extensions.Serialization.Extensions", "src\CuteAnt.Extensions.Serialization.Extensions\CuteAnt.Extensions.Serialization.Extensions.csproj", "{53C6A357-DA5A-4A0A-B67A-E1D87659BDBC}"
EndProject
Project("{9A19103F-16F7-4668-BE54-9A1E7A4F7556}") = "CuteAnt.Extensions.Serialization.ExtensionsTests", "test\CuteAnt.Extensions.Serialization.ExtensionsTests\CuteAnt.Extensions.Serialization.ExtensionsTests.csproj", "{19ED0B57-2B0B-4A91-BC71-825C67582DFD}"
EndProject
Project("{9A19103F-16F7-4668-BE54-9A1E7A4F7556}") = "CuteAnt.Extensions.Serialization.MessagePack", "src\CuteAnt.Extensions.Serialization.MessagePack\CuteAnt.Extensions.Serialization.MessagePack.csproj", "{88B8F158-30ED-406E-9E88-E2B0F7A0ECFA}"
EndProject
Project("{9A19103F-16F7-4668-BE54-9A1E7A4F7556}") = "CuteAnt.Extensions.Serialization.Core", "src\CuteAnt.Extensions.Serialization.Core\CuteAnt.Extensions.Serialization.Core.csproj", "{20736D98-FF28-4C93-BB66-639E38DD7033}"
EndProject
Project("{9A19103F-16F7-4668-BE54-9A1E7A4F7556}") = "PerfBenchmark", "test\PerfBenchmark\PerfBenchmark.csproj", "{7B8B8F3C-FBA6-4638-903D-6763F8272146}"
EndProject
Project("{9A19103F-16F7-4668-BE54-9A1E7A4F7556}") = "MessagePack.Abstractions", "src\MessagePack.Abstractions\MessagePack.Abstractions.csproj", "{E2B1EAC3-CE29-44FE-889E-705CEE90E6B7}"
EndProject
Project("{9A19103F-16F7-4668-BE54-9A1E7A4F7556}") = "Utf8Json", "src\Utf8Json\Utf8Json.csproj", "{9EDD9EB0-3532-488A-976D-943309C0EE9C}"
EndProject
Project("{9A19103F-16F7-4668-BE54-9A1E7A4F7556}") = "Utf8Json.ImmutableCollection", "src\Utf8Json.ImmutableCollection\Utf8Json.ImmutableCollection.csproj", "{4A6B0B81-7088-489D-B82F-0C541C864C55}"
EndProject
Project("{9A19103F-16F7-4668-BE54-9A1E7A4F7556}") = "Utf8Json.Tests", "test\Utf8Json.Tests\Utf8Json.Tests.csproj", "{9FCF4251-66EB-46FC-AC35-2EC6A5ABB102}"
EndProject
Global
	GlobalSection(SharedMSBuildProjectFiles) = preSolution
		..\CuteAnt.Extensions.Common\src\CuteAnt.Extensions.StreamReaderAndWriter.Sources\CuteAnt.Extensions.StreamReaderAndWriter.Sources.projitems*{1ab88764-60ed-44f3-9e98-08391b5f5cdb}*SharedItemsImports = 13
		..\CuteAnt.Extensions.Common\src\System.IO.Pipelines.Extensions\System.IO.Pipelines.Extensions.projitems*{1fa24735-f7f1-4187-a5bb-cea4bb2969d2}*SharedItemsImports = 13
		..\CuteAnt.Extensions.Common\src\System.IO.Stream.Extensions\System.IO.Stream.Extensions.projitems*{2208bf33-d4be-4e32-846e-320ff307c0a4}*SharedItemsImports = 13
		..\CuteAnt.Extensions.Common\src\CuteAnt.Extensions.Logging.Sources\CuteAnt.Extensions.Logging.Sources.projitems*{8dbb7dc8-2b90-4a8c-a60d-d41466174bde}*SharedItemsImports = 13
		..\CuteAnt.Extensions.Common\src\Nito.AsyncEx.Tasks.Sources\Nito.AsyncEx.Tasks.Sources.projitems*{90bcc560-aa2b-4146-858a-9e524b696f75}*SharedItemsImports = 13
		..\CuteAnt.Extensions.Common\src\CuteAnt.Extensions.Reflection.Sources\CuteAnt.Extensions.Reflection.Sources.projitems*{c7f8dbe6-77b7-494d-af00-018f7579548c}*SharedItemsImports = 13
	EndGlobalSection
	GlobalSection(SolutionConfigurationPlatforms) = preSolution
		Debug|Any CPU = Debug|Any CPU
		Release|Any CPU = Release|Any CPU
	EndGlobalSection
	GlobalSection(ProjectConfigurationPlatforms) = postSolution
		{EDFF77FB-9D0A-4AC4-8F49-65410D916889}.Debug|Any CPU.ActiveCfg = Debug|Any CPU
		{EDFF77FB-9D0A-4AC4-8F49-65410D916889}.Debug|Any CPU.Build.0 = Debug|Any CPU
		{EDFF77FB-9D0A-4AC4-8F49-65410D916889}.Release|Any CPU.ActiveCfg = Release|Any CPU
		{EDFF77FB-9D0A-4AC4-8F49-65410D916889}.Release|Any CPU.Build.0 = Release|Any CPU
		{DB4C8C31-4E98-4CA8-AAE0-3A22823B9267}.Debug|Any CPU.ActiveCfg = Debug|Any CPU
		{DB4C8C31-4E98-4CA8-AAE0-3A22823B9267}.Debug|Any CPU.Build.0 = Debug|Any CPU
		{DB4C8C31-4E98-4CA8-AAE0-3A22823B9267}.Release|Any CPU.ActiveCfg = Release|Any CPU
		{DB4C8C31-4E98-4CA8-AAE0-3A22823B9267}.Release|Any CPU.Build.0 = Release|Any CPU
		{977F511B-2572-44B0-98D9-EAE98BE2376A}.Debug|Any CPU.ActiveCfg = Debug|Any CPU
		{977F511B-2572-44B0-98D9-EAE98BE2376A}.Debug|Any CPU.Build.0 = Debug|Any CPU
		{977F511B-2572-44B0-98D9-EAE98BE2376A}.Release|Any CPU.ActiveCfg = Release|Any CPU
		{977F511B-2572-44B0-98D9-EAE98BE2376A}.Release|Any CPU.Build.0 = Release|Any CPU
		{83CA95E5-DBE5-4991-9012-87F21F7EF5A2}.Debug|Any CPU.ActiveCfg = Debug|Any CPU
		{83CA95E5-DBE5-4991-9012-87F21F7EF5A2}.Debug|Any CPU.Build.0 = Debug|Any CPU
		{83CA95E5-DBE5-4991-9012-87F21F7EF5A2}.Release|Any CPU.ActiveCfg = Release|Any CPU
		{83CA95E5-DBE5-4991-9012-87F21F7EF5A2}.Release|Any CPU.Build.0 = Release|Any CPU
		{ABF959C2-D08C-4C68-8EB5-97C7740BA1F7}.Debug|Any CPU.ActiveCfg = Debug|Any CPU
		{ABF959C2-D08C-4C68-8EB5-97C7740BA1F7}.Debug|Any CPU.Build.0 = Debug|Any CPU
		{ABF959C2-D08C-4C68-8EB5-97C7740BA1F7}.Release|Any CPU.ActiveCfg = Release|Any CPU
		{ABF959C2-D08C-4C68-8EB5-97C7740BA1F7}.Release|Any CPU.Build.0 = Release|Any CPU
		{0B76C479-025A-43FF-BFCB-03D1A316545A}.Debug|Any CPU.ActiveCfg = Debug|Any CPU
		{0B76C479-025A-43FF-BFCB-03D1A316545A}.Debug|Any CPU.Build.0 = Debug|Any CPU
		{0B76C479-025A-43FF-BFCB-03D1A316545A}.Release|Any CPU.ActiveCfg = Release|Any CPU
		{0B76C479-025A-43FF-BFCB-03D1A316545A}.Release|Any CPU.Build.0 = Release|Any CPU
		{16A1F7D6-2FA9-45EF-BCC7-0179BC39D11B}.Debug|Any CPU.ActiveCfg = Debug|Any CPU
		{16A1F7D6-2FA9-45EF-BCC7-0179BC39D11B}.Debug|Any CPU.Build.0 = Debug|Any CPU
		{16A1F7D6-2FA9-45EF-BCC7-0179BC39D11B}.Release|Any CPU.ActiveCfg = Release|Any CPU
		{16A1F7D6-2FA9-45EF-BCC7-0179BC39D11B}.Release|Any CPU.Build.0 = Release|Any CPU
		{57970F2C-DAB9-4182-A6FC-305957DA6FCC}.Debug|Any CPU.ActiveCfg = Debug|Any CPU
		{57970F2C-DAB9-4182-A6FC-305957DA6FCC}.Debug|Any CPU.Build.0 = Debug|Any CPU
		{57970F2C-DAB9-4182-A6FC-305957DA6FCC}.Release|Any CPU.ActiveCfg = Release|Any CPU
		{57970F2C-DAB9-4182-A6FC-305957DA6FCC}.Release|Any CPU.Build.0 = Release|Any CPU
		{199ACFB5-58A4-4A47-B751-E7074076A22B}.Debug|Any CPU.ActiveCfg = Debug|Any CPU
		{199ACFB5-58A4-4A47-B751-E7074076A22B}.Debug|Any CPU.Build.0 = Debug|Any CPU
		{199ACFB5-58A4-4A47-B751-E7074076A22B}.Release|Any CPU.ActiveCfg = Release|Any CPU
		{199ACFB5-58A4-4A47-B751-E7074076A22B}.Release|Any CPU.Build.0 = Release|Any CPU
		{CE2B98AA-C5CA-408A-BC27-3B8A32CBD31B}.Debug|Any CPU.ActiveCfg = Debug|Any CPU
		{CE2B98AA-C5CA-408A-BC27-3B8A32CBD31B}.Debug|Any CPU.Build.0 = Debug|Any CPU
		{CE2B98AA-C5CA-408A-BC27-3B8A32CBD31B}.Release|Any CPU.ActiveCfg = Release|Any CPU
		{CE2B98AA-C5CA-408A-BC27-3B8A32CBD31B}.Release|Any CPU.Build.0 = Release|Any CPU
		{5660C366-2E9C-4093-B574-CE04646757B6}.Debug|Any CPU.ActiveCfg = Debug|Any CPU
		{5660C366-2E9C-4093-B574-CE04646757B6}.Debug|Any CPU.Build.0 = Debug|Any CPU
		{5660C366-2E9C-4093-B574-CE04646757B6}.Release|Any CPU.ActiveCfg = Release|Any CPU
		{5660C366-2E9C-4093-B574-CE04646757B6}.Release|Any CPU.Build.0 = Release|Any CPU
		{5E666721-75A0-451F-A95A-730ED7D8B746}.Debug|Any CPU.ActiveCfg = Debug|Any CPU
		{5E666721-75A0-451F-A95A-730ED7D8B746}.Debug|Any CPU.Build.0 = Debug|Any CPU
		{5E666721-75A0-451F-A95A-730ED7D8B746}.Release|Any CPU.ActiveCfg = Release|Any CPU
		{5E666721-75A0-451F-A95A-730ED7D8B746}.Release|Any CPU.Build.0 = Release|Any CPU
		{09A05F56-0B9D-4230-B19E-9AD404DDEF46}.Debug|Any CPU.ActiveCfg = Debug|Any CPU
		{09A05F56-0B9D-4230-B19E-9AD404DDEF46}.Debug|Any CPU.Build.0 = Debug|Any CPU
		{09A05F56-0B9D-4230-B19E-9AD404DDEF46}.Release|Any CPU.ActiveCfg = Release|Any CPU
		{09A05F56-0B9D-4230-B19E-9AD404DDEF46}.Release|Any CPU.Build.0 = Release|Any CPU
		{C82DFDED-7943-4F53-958F-7E281EDC6920}.Debug|Any CPU.ActiveCfg = Debug|Any CPU
		{C82DFDED-7943-4F53-958F-7E281EDC6920}.Debug|Any CPU.Build.0 = Debug|Any CPU
		{C82DFDED-7943-4F53-958F-7E281EDC6920}.Release|Any CPU.ActiveCfg = Release|Any CPU
		{C82DFDED-7943-4F53-958F-7E281EDC6920}.Release|Any CPU.Build.0 = Release|Any CPU
		{51D2211E-6951-47AA-861C-435F063E57EC}.Debug|Any CPU.ActiveCfg = Debug|Any CPU
		{51D2211E-6951-47AA-861C-435F063E57EC}.Debug|Any CPU.Build.0 = Debug|Any CPU
		{51D2211E-6951-47AA-861C-435F063E57EC}.Release|Any CPU.ActiveCfg = Release|Any CPU
		{51D2211E-6951-47AA-861C-435F063E57EC}.Release|Any CPU.Build.0 = Release|Any CPU
		{CE061F52-D9EF-4A99-A030-C3FFB2B7A56C}.Debug|Any CPU.ActiveCfg = Debug|Any CPU
		{CE061F52-D9EF-4A99-A030-C3FFB2B7A56C}.Debug|Any CPU.Build.0 = Debug|Any CPU
		{CE061F52-D9EF-4A99-A030-C3FFB2B7A56C}.Release|Any CPU.ActiveCfg = Release|Any CPU
		{CE061F52-D9EF-4A99-A030-C3FFB2B7A56C}.Release|Any CPU.Build.0 = Release|Any CPU
		{C1860D93-0C8E-4041-934C-3E7408DA3F9D}.Debug|Any CPU.ActiveCfg = Debug|Any CPU
		{C1860D93-0C8E-4041-934C-3E7408DA3F9D}.Debug|Any CPU.Build.0 = Debug|Any CPU
		{C1860D93-0C8E-4041-934C-3E7408DA3F9D}.Release|Any CPU.ActiveCfg = Release|Any CPU
		{C1860D93-0C8E-4041-934C-3E7408DA3F9D}.Release|Any CPU.Build.0 = Release|Any CPU
		{B51B4031-D2FF-42F0-B507-CFB2B2483DAB}.Debug|Any CPU.ActiveCfg = Debug|Any CPU
		{B51B4031-D2FF-42F0-B507-CFB2B2483DAB}.Debug|Any CPU.Build.0 = Debug|Any CPU
		{B51B4031-D2FF-42F0-B507-CFB2B2483DAB}.Release|Any CPU.ActiveCfg = Release|Any CPU
		{B51B4031-D2FF-42F0-B507-CFB2B2483DAB}.Release|Any CPU.Build.0 = Release|Any CPU
		{53C6A357-DA5A-4A0A-B67A-E1D87659BDBC}.Debug|Any CPU.ActiveCfg = Debug|Any CPU
		{53C6A357-DA5A-4A0A-B67A-E1D87659BDBC}.Debug|Any CPU.Build.0 = Debug|Any CPU
		{53C6A357-DA5A-4A0A-B67A-E1D87659BDBC}.Release|Any CPU.ActiveCfg = Release|Any CPU
		{53C6A357-DA5A-4A0A-B67A-E1D87659BDBC}.Release|Any CPU.Build.0 = Release|Any CPU
		{19ED0B57-2B0B-4A91-BC71-825C67582DFD}.Debug|Any CPU.ActiveCfg = Debug|Any CPU
		{19ED0B57-2B0B-4A91-BC71-825C67582DFD}.Debug|Any CPU.Build.0 = Debug|Any CPU
		{19ED0B57-2B0B-4A91-BC71-825C67582DFD}.Release|Any CPU.ActiveCfg = Release|Any CPU
		{19ED0B57-2B0B-4A91-BC71-825C67582DFD}.Release|Any CPU.Build.0 = Release|Any CPU
		{88B8F158-30ED-406E-9E88-E2B0F7A0ECFA}.Debug|Any CPU.ActiveCfg = Debug|Any CPU
		{88B8F158-30ED-406E-9E88-E2B0F7A0ECFA}.Debug|Any CPU.Build.0 = Debug|Any CPU
		{88B8F158-30ED-406E-9E88-E2B0F7A0ECFA}.Release|Any CPU.ActiveCfg = Release|Any CPU
		{88B8F158-30ED-406E-9E88-E2B0F7A0ECFA}.Release|Any CPU.Build.0 = Release|Any CPU
		{20736D98-FF28-4C93-BB66-639E38DD7033}.Debug|Any CPU.ActiveCfg = Debug|Any CPU
		{20736D98-FF28-4C93-BB66-639E38DD7033}.Debug|Any CPU.Build.0 = Debug|Any CPU
		{20736D98-FF28-4C93-BB66-639E38DD7033}.Release|Any CPU.ActiveCfg = Release|Any CPU
		{20736D98-FF28-4C93-BB66-639E38DD7033}.Release|Any CPU.Build.0 = Release|Any CPU
		{7B8B8F3C-FBA6-4638-903D-6763F8272146}.Debug|Any CPU.ActiveCfg = Debug|Any CPU
		{7B8B8F3C-FBA6-4638-903D-6763F8272146}.Debug|Any CPU.Build.0 = Debug|Any CPU
		{7B8B8F3C-FBA6-4638-903D-6763F8272146}.Release|Any CPU.ActiveCfg = Release|Any CPU
		{7B8B8F3C-FBA6-4638-903D-6763F8272146}.Release|Any CPU.Build.0 = Release|Any CPU
		{E2B1EAC3-CE29-44FE-889E-705CEE90E6B7}.Debug|Any CPU.ActiveCfg = Debug|Any CPU
		{E2B1EAC3-CE29-44FE-889E-705CEE90E6B7}.Debug|Any CPU.Build.0 = Debug|Any CPU
		{E2B1EAC3-CE29-44FE-889E-705CEE90E6B7}.Release|Any CPU.ActiveCfg = Release|Any CPU
		{E2B1EAC3-CE29-44FE-889E-705CEE90E6B7}.Release|Any CPU.Build.0 = Release|Any CPU
		{9EDD9EB0-3532-488A-976D-943309C0EE9C}.Debug|Any CPU.ActiveCfg = Debug|Any CPU
		{9EDD9EB0-3532-488A-976D-943309C0EE9C}.Debug|Any CPU.Build.0 = Debug|Any CPU
		{9EDD9EB0-3532-488A-976D-943309C0EE9C}.Release|Any CPU.ActiveCfg = Release|Any CPU
		{9EDD9EB0-3532-488A-976D-943309C0EE9C}.Release|Any CPU.Build.0 = Release|Any CPU
		{4A6B0B81-7088-489D-B82F-0C541C864C55}.Debug|Any CPU.ActiveCfg = Debug|Any CPU
		{4A6B0B81-7088-489D-B82F-0C541C864C55}.Debug|Any CPU.Build.0 = Debug|Any CPU
		{4A6B0B81-7088-489D-B82F-0C541C864C55}.Release|Any CPU.ActiveCfg = Release|Any CPU
		{4A6B0B81-7088-489D-B82F-0C541C864C55}.Release|Any CPU.Build.0 = Release|Any CPU
		{9FCF4251-66EB-46FC-AC35-2EC6A5ABB102}.Debug|Any CPU.ActiveCfg = Debug|Any CPU
		{9FCF4251-66EB-46FC-AC35-2EC6A5ABB102}.Debug|Any CPU.Build.0 = Debug|Any CPU
		{9FCF4251-66EB-46FC-AC35-2EC6A5ABB102}.Release|Any CPU.ActiveCfg = Release|Any CPU
		{9FCF4251-66EB-46FC-AC35-2EC6A5ABB102}.Release|Any CPU.Build.0 = Release|Any CPU
	EndGlobalSection
	GlobalSection(SolutionProperties) = preSolution
		HideSolutionNode = FALSE
	EndGlobalSection
	GlobalSection(NestedProjects) = preSolution
		{EDFF77FB-9D0A-4AC4-8F49-65410D916889} = {1F97D5A4-285F-4962-8F8C-BCEF8278143B}
		{DB4C8C31-4E98-4CA8-AAE0-3A22823B9267} = {ABC72801-895A-4C64-B795-B8CD5B56CEA8}
		{977F511B-2572-44B0-98D9-EAE98BE2376A} = {96E98A2F-3EBF-483C-A63E-4245C0D4F625}
		{83CA95E5-DBE5-4991-9012-87F21F7EF5A2} = {1F97D5A4-285F-4962-8F8C-BCEF8278143B}
		{ABF959C2-D08C-4C68-8EB5-97C7740BA1F7} = {1F97D5A4-285F-4962-8F8C-BCEF8278143B}
		{0B76C479-025A-43FF-BFCB-03D1A316545A} = {ABC72801-895A-4C64-B795-B8CD5B56CEA8}
		{16A1F7D6-2FA9-45EF-BCC7-0179BC39D11B} = {1F97D5A4-285F-4962-8F8C-BCEF8278143B}
		{8DBB7DC8-2B90-4A8C-A60D-D41466174BDE} = {4744CD6C-82C3-4D38-A708-3D301A74397F}
		{57970F2C-DAB9-4182-A6FC-305957DA6FCC} = {1F97D5A4-285F-4962-8F8C-BCEF8278143B}
		{199ACFB5-58A4-4A47-B751-E7074076A22B} = {1F97D5A4-285F-4962-8F8C-BCEF8278143B}
		{1AB88764-60ED-44F3-9E98-08391B5F5CDB} = {4744CD6C-82C3-4D38-A708-3D301A74397F}
		{90BCC560-AA2B-4146-858A-9E524B696F75} = {4744CD6C-82C3-4D38-A708-3D301A74397F}
		{C7F8DBE6-77B7-494D-AF00-018F7579548C} = {4744CD6C-82C3-4D38-A708-3D301A74397F}
		{CE2B98AA-C5CA-408A-BC27-3B8A32CBD31B} = {ABC72801-895A-4C64-B795-B8CD5B56CEA8}
		{5660C366-2E9C-4093-B574-CE04646757B6} = {1F97D5A4-285F-4962-8F8C-BCEF8278143B}
		{5E666721-75A0-451F-A95A-730ED7D8B746} = {1F97D5A4-285F-4962-8F8C-BCEF8278143B}
		{09A05F56-0B9D-4230-B19E-9AD404DDEF46} = {1F97D5A4-285F-4962-8F8C-BCEF8278143B}
		{C82DFDED-7943-4F53-958F-7E281EDC6920} = {1F97D5A4-285F-4962-8F8C-BCEF8278143B}
		{51D2211E-6951-47AA-861C-435F063E57EC} = {ABC72801-895A-4C64-B795-B8CD5B56CEA8}
		{CE061F52-D9EF-4A99-A030-C3FFB2B7A56C} = {1F97D5A4-285F-4962-8F8C-BCEF8278143B}
		{C1860D93-0C8E-4041-934C-3E7408DA3F9D} = {ABC72801-895A-4C64-B795-B8CD5B56CEA8}
		{B51B4031-D2FF-42F0-B507-CFB2B2483DAB} = {1F97D5A4-285F-4962-8F8C-BCEF8278143B}
		{1FA24735-F7F1-4187-A5BB-CEA4BB2969D2} = {4744CD6C-82C3-4D38-A708-3D301A74397F}
		{2208BF33-D4BE-4E32-846E-320FF307C0A4} = {4744CD6C-82C3-4D38-A708-3D301A74397F}
		{53C6A357-DA5A-4A0A-B67A-E1D87659BDBC} = {1F97D5A4-285F-4962-8F8C-BCEF8278143B}
		{19ED0B57-2B0B-4A91-BC71-825C67582DFD} = {ABC72801-895A-4C64-B795-B8CD5B56CEA8}
		{88B8F158-30ED-406E-9E88-E2B0F7A0ECFA} = {1F97D5A4-285F-4962-8F8C-BCEF8278143B}
		{20736D98-FF28-4C93-BB66-639E38DD7033} = {1F97D5A4-285F-4962-8F8C-BCEF8278143B}
		{7B8B8F3C-FBA6-4638-903D-6763F8272146} = {96E98A2F-3EBF-483C-A63E-4245C0D4F625}
		{E2B1EAC3-CE29-44FE-889E-705CEE90E6B7} = {1F97D5A4-285F-4962-8F8C-BCEF8278143B}
		{9EDD9EB0-3532-488A-976D-943309C0EE9C} = {1F97D5A4-285F-4962-8F8C-BCEF8278143B}
		{4A6B0B81-7088-489D-B82F-0C541C864C55} = {1F97D5A4-285F-4962-8F8C-BCEF8278143B}
		{9FCF4251-66EB-46FC-AC35-2EC6A5ABB102} = {ABC72801-895A-4C64-B795-B8CD5B56CEA8}
	EndGlobalSection
	GlobalSection(ExtensibilityGlobals) = postSolution
		SolutionGuid = {93230366-D5C3-4397-83D3-ED46E43B8121}
	EndGlobalSection
EndGlobal
