
Microsoft Visual Studio Solution File, Format Version 12.00
# Visual Studio 15
VisualStudioVersion = 15.0.27004.2010
MinimumVisualStudioVersion = 10.0.40219.1
Project("{2150E333-8FDC-42A3-9474-1A3956D46DE8}") = "src", "src", "{1F97D5A4-285F-4962-8F8C-BCEF8278143B}"
EndProject
Project("{2150E333-8FDC-42A3-9474-1A3956D46DE8}") = "Solution Items", "Solution Items", "{EA7DA5A5-A451-4637-8D7F-E54727C68BD3}"
	ProjectSection(SolutionItems) = preProject
		Clean.cmd = Clean.cmd
		NuGet.Config = NuGet.Config
	EndProjectSection
EndProject
Project("{2150E333-8FDC-42A3-9474-1A3956D46DE8}") = "test", "test", "{ABC72801-895A-4C64-B795-B8CD5B56CEA8}"
EndProject
Project("{2150E333-8FDC-42A3-9474-1A3956D46DE8}") = "shared", "shared", "{4744CD6C-82C3-4D38-A708-3D301A74397F}"
EndProject
Project("{2150E333-8FDC-42A3-9474-1A3956D46DE8}") = "benchmark", "benchmark", "{96E98A2F-3EBF-483C-A63E-4245C0D4F625}"
EndProject
Project("{9A19103F-16F7-4668-BE54-9A1E7A4F7556}") = "Hyperion", "src\Hyperion\Hyperion.csproj", "{EDFF77FB-9D0A-4AC4-8F49-65410D916889}"
EndProject
Project("{9A19103F-16F7-4668-BE54-9A1E7A4F7556}") = "Hyperion.Tests", "test\Hyperion.Tests\Hyperion.Tests.csproj", "{DB4C8C31-4E98-4CA8-AAE0-3A22823B9267}"
EndProject
Project("{9A19103F-16F7-4668-BE54-9A1E7A4F7556}") = "Hyperion.Tests.Performance", "test\Hyperion.Tests.Performance\Hyperion.Tests.Performance.csproj", "{977F511B-2572-44B0-98D9-EAE98BE2376A}"
EndProject
Project("{9A19103F-16F7-4668-BE54-9A1E7A4F7556}") = "protobuf-net.abstractions", "src\protobuf-net.abstractions\protobuf-net.abstractions.csproj", "{83CA95E5-DBE5-4991-9012-87F21F7EF5A2}"
EndProject
Project("{9A19103F-16F7-4668-BE54-9A1E7A4F7556}") = "protobuf-net", "src\protobuf-net\protobuf-net.csproj", "{ABF959C2-D08C-4C68-8EB5-97C7740BA1F7}"
EndProject
Project("{9A19103F-16F7-4668-BE54-9A1E7A4F7556}") = "protobuf-net.Test", "test\protobuf-net.Test\protobuf-net.Test.csproj", "{0B76C479-025A-43FF-BFCB-03D1A316545A}"
EndProject
Project("{9A19103F-16F7-4668-BE54-9A1E7A4F7556}") = "ServiceStack.Text", "src\ServiceStack.Text\ServiceStack.Text.csproj", "{16A1F7D6-2FA9-45EF-BCC7-0179BC39D11B}"
EndProject
Project("{9A19103F-16F7-4668-BE54-9A1E7A4F7556}") = "ServiceStack.Text.Tests", "test\ServiceStack.Text.Tests\ServiceStack.Text.Tests.csproj", "{43306085-9630-425F-958F-CA6533A0607B}"
EndProject
Project("{D954291E-2A0B-460D-934E-DC6B0785DB48}") = "CuteAnt.Extensions.Logging.Sources", "..\CuteAnt.Extensions.Common\src\CuteAnt.Extensions.Logging.Sources\CuteAnt.Extensions.Logging.Sources.shproj", "{8DBB7DC8-2B90-4A8C-A60D-D41466174BDE}"
EndProject
Global
	GlobalSection(SharedMSBuildProjectFiles) = preSolution
		..\CuteAnt.Extensions.Common\src\CuteAnt.Extensions.Logging.Sources\CuteAnt.Extensions.Logging.Sources.projitems*{8dbb7dc8-2b90-4a8c-a60d-d41466174bde}*SharedItemsImports = 13
	EndGlobalSection
	GlobalSection(SolutionConfigurationPlatforms) = preSolution
		Debug|Any CPU = Debug|Any CPU
		Release|Any CPU = Release|Any CPU
	EndGlobalSection
	GlobalSection(ProjectConfigurationPlatforms) = postSolution
		{EDFF77FB-9D0A-4AC4-8F49-65410D916889}.Debug|Any CPU.ActiveCfg = Debug|Any CPU
		{EDFF77FB-9D0A-4AC4-8F49-65410D916889}.Debug|Any CPU.Build.0 = Debug|Any CPU
		{EDFF77FB-9D0A-4AC4-8F49-65410D916889}.Release|Any CPU.ActiveCfg = Release|Any CPU
		{EDFF77FB-9D0A-4AC4-8F49-65410D916889}.Release|Any CPU.Build.0 = Release|Any CPU
		{DB4C8C31-4E98-4CA8-AAE0-3A22823B9267}.Debug|Any CPU.ActiveCfg = Debug|Any CPU
		{DB4C8C31-4E98-4CA8-AAE0-3A22823B9267}.Debug|Any CPU.Build.0 = Debug|Any CPU
		{DB4C8C31-4E98-4CA8-AAE0-3A22823B9267}.Release|Any CPU.ActiveCfg = Release|Any CPU
		{DB4C8C31-4E98-4CA8-AAE0-3A22823B9267}.Release|Any CPU.Build.0 = Release|Any CPU
		{977F511B-2572-44B0-98D9-EAE98BE2376A}.Debug|Any CPU.ActiveCfg = Debug|Any CPU
		{977F511B-2572-44B0-98D9-EAE98BE2376A}.Debug|Any CPU.Build.0 = Debug|Any CPU
		{977F511B-2572-44B0-98D9-EAE98BE2376A}.Release|Any CPU.ActiveCfg = Release|Any CPU
		{977F511B-2572-44B0-98D9-EAE98BE2376A}.Release|Any CPU.Build.0 = Release|Any CPU
		{83CA95E5-DBE5-4991-9012-87F21F7EF5A2}.Debug|Any CPU.ActiveCfg = Debug|Any CPU
		{83CA95E5-DBE5-4991-9012-87F21F7EF5A2}.Debug|Any CPU.Build.0 = Debug|Any CPU
		{83CA95E5-DBE5-4991-9012-87F21F7EF5A2}.Release|Any CPU.ActiveCfg = Release|Any CPU
		{83CA95E5-DBE5-4991-9012-87F21F7EF5A2}.Release|Any CPU.Build.0 = Release|Any CPU
		{ABF959C2-D08C-4C68-8EB5-97C7740BA1F7}.Debug|Any CPU.ActiveCfg = Debug|Any CPU
		{ABF959C2-D08C-4C68-8EB5-97C7740BA1F7}.Debug|Any CPU.Build.0 = Debug|Any CPU
		{ABF959C2-D08C-4C68-8EB5-97C7740BA1F7}.Release|Any CPU.ActiveCfg = Release|Any CPU
		{ABF959C2-D08C-4C68-8EB5-97C7740BA1F7}.Release|Any CPU.Build.0 = Release|Any CPU
		{0B76C479-025A-43FF-BFCB-03D1A316545A}.Debug|Any CPU.ActiveCfg = Debug|Any CPU
		{0B76C479-025A-43FF-BFCB-03D1A316545A}.Debug|Any CPU.Build.0 = Debug|Any CPU
		{0B76C479-025A-43FF-BFCB-03D1A316545A}.Release|Any CPU.ActiveCfg = Release|Any CPU
		{0B76C479-025A-43FF-BFCB-03D1A316545A}.Release|Any CPU.Build.0 = Release|Any CPU
		{16A1F7D6-2FA9-45EF-BCC7-0179BC39D11B}.Debug|Any CPU.ActiveCfg = Debug|Any CPU
		{16A1F7D6-2FA9-45EF-BCC7-0179BC39D11B}.Debug|Any CPU.Build.0 = Debug|Any CPU
		{16A1F7D6-2FA9-45EF-BCC7-0179BC39D11B}.Release|Any CPU.ActiveCfg = Release|Any CPU
		{16A1F7D6-2FA9-45EF-BCC7-0179BC39D11B}.Release|Any CPU.Build.0 = Release|Any CPU
		{43306085-9630-425F-958F-CA6533A0607B}.Debug|Any CPU.ActiveCfg = Debug|Any CPU
		{43306085-9630-425F-958F-CA6533A0607B}.Debug|Any CPU.Build.0 = Debug|Any CPU
		{43306085-9630-425F-958F-CA6533A0607B}.Release|Any CPU.ActiveCfg = Release|Any CPU
		{43306085-9630-425F-958F-CA6533A0607B}.Release|Any CPU.Build.0 = Release|Any CPU
	EndGlobalSection
	GlobalSection(SolutionProperties) = preSolution
		HideSolutionNode = FALSE
	EndGlobalSection
	GlobalSection(NestedProjects) = preSolution
		{EDFF77FB-9D0A-4AC4-8F49-65410D916889} = {1F97D5A4-285F-4962-8F8C-BCEF8278143B}
		{DB4C8C31-4E98-4CA8-AAE0-3A22823B9267} = {ABC72801-895A-4C64-B795-B8CD5B56CEA8}
		{977F511B-2572-44B0-98D9-EAE98BE2376A} = {ABC72801-895A-4C64-B795-B8CD5B56CEA8}
		{83CA95E5-DBE5-4991-9012-87F21F7EF5A2} = {1F97D5A4-285F-4962-8F8C-BCEF8278143B}
		{ABF959C2-D08C-4C68-8EB5-97C7740BA1F7} = {1F97D5A4-285F-4962-8F8C-BCEF8278143B}
		{0B76C479-025A-43FF-BFCB-03D1A316545A} = {ABC72801-895A-4C64-B795-B8CD5B56CEA8}
		{16A1F7D6-2FA9-45EF-BCC7-0179BC39D11B} = {1F97D5A4-285F-4962-8F8C-BCEF8278143B}
		{43306085-9630-425F-958F-CA6533A0607B} = {ABC72801-895A-4C64-B795-B8CD5B56CEA8}
		{8DBB7DC8-2B90-4A8C-A60D-D41466174BDE} = {4744CD6C-82C3-4D38-A708-3D301A74397F}
	EndGlobalSection
	GlobalSection(ExtensibilityGlobals) = postSolution
		SolutionGuid = {93230366-D5C3-4397-83D3-ED46E43B8121}
	EndGlobalSection
EndGlobal
