
Microsoft Visual Studio Solution File, Format Version 12.00
# Visual Studio 15
VisualStudioVersion = 15.0.27130.2024
MinimumVisualStudioVersion = 10.0.40219.1
Project("{2150E333-8FDC-42A3-9474-1A3956D46DE8}") = "src", "src", "{1F97D5A4-285F-4962-8F8C-BCEF8278143B}"
EndProject
Project("{2150E333-8FDC-42A3-9474-1A3956D46DE8}") = "Solution Items", "Solution Items", "{EA7DA5A5-A451-4637-8D7F-E54727C68BD3}"
	ProjectSection(SolutionItems) = preProject
		Clean.cmd = Clean.cmd
		NuGet.Config = NuGet.Config
	EndProjectSection
EndProject
Project("{2150E333-8FDC-42A3-9474-1A3956D46DE8}") = "test", "test", "{4744CD6C-82C3-4D38-A708-3D301A74397F}"
EndProject
Project("{9A19103F-16F7-4668-BE54-9A1E7A4F7556}") = "MessagePack.Standalone", "src\MessagePack\MessagePack.Standalone.csproj", "{C82DFDED-7943-4F53-958F-7E281EDC6920}"
EndProject
Project("{9A19103F-16F7-4668-BE54-9A1E7A4F7556}") = "MessagePack.ImmutableCollection.Standalone", "src\MessagePack.ImmutableCollection\MessagePack.ImmutableCollection.Standalone.csproj", "{85522D0F-39AA-4C39-9A32-5450AA1541C2}"
EndProject
Project("{9A19103F-16F7-4668-BE54-9A1E7A4F7556}") = "MessagePack.LZ4.Standalone", "src\MessagePack.LZ4\MessagePack.LZ4.Standalone.csproj", "{E1E20280-649C-4F13-9270-6F9BC63ED118}"
EndProject
Project("{9A19103F-16F7-4668-BE54-9A1E7A4F7556}") = "MessagePack.Tests.Standalone", "test\MessagePack.Tests.Standalone\MessagePack.Tests.Standalone.csproj", "{BEB5A2EA-6AC9-47A8-929E-AFB7A3D9ABBD}"
EndProject
Project("{9A19103F-16F7-4668-BE54-9A1E7A4F7556}") = "MessagePack.Abstractions", "src\MessagePack.Abstractions\MessagePack.Abstractions.csproj", "{5FCD07E4-92F6-4B9C-92B0-1B473E88D22D}"
EndProject
Global
	GlobalSection(SolutionConfigurationPlatforms) = preSolution
		Debug|Any CPU = Debug|Any CPU
		Release|Any CPU = Release|Any CPU
	EndGlobalSection
	GlobalSection(ProjectConfigurationPlatforms) = postSolution
		{C82DFDED-7943-4F53-958F-7E281EDC6920}.Debug|Any CPU.ActiveCfg = Debug|Any CPU
		{C82DFDED-7943-4F53-958F-7E281EDC6920}.Debug|Any CPU.Build.0 = Debug|Any CPU
		{C82DFDED-7943-4F53-958F-7E281EDC6920}.Release|Any CPU.ActiveCfg = Release|Any CPU
		{C82DFDED-7943-4F53-958F-7E281EDC6920}.Release|Any CPU.Build.0 = Release|Any CPU
		{85522D0F-39AA-4C39-9A32-5450AA1541C2}.Debug|Any CPU.ActiveCfg = Debug|Any CPU
		{85522D0F-39AA-4C39-9A32-5450AA1541C2}.Debug|Any CPU.Build.0 = Debug|Any CPU
		{85522D0F-39AA-4C39-9A32-5450AA1541C2}.Release|Any CPU.ActiveCfg = Release|Any CPU
		{85522D0F-39AA-4C39-9A32-5450AA1541C2}.Release|Any CPU.Build.0 = Release|Any CPU
		{E1E20280-649C-4F13-9270-6F9BC63ED118}.Debug|Any CPU.ActiveCfg = Debug|Any CPU
		{E1E20280-649C-4F13-9270-6F9BC63ED118}.Debug|Any CPU.Build.0 = Debug|Any CPU
		{E1E20280-649C-4F13-9270-6F9BC63ED118}.Release|Any CPU.ActiveCfg = Release|Any CPU
		{E1E20280-649C-4F13-9270-6F9BC63ED118}.Release|Any CPU.Build.0 = Release|Any CPU
		{BEB5A2EA-6AC9-47A8-929E-AFB7A3D9ABBD}.Debug|Any CPU.ActiveCfg = Debug|Any CPU
		{BEB5A2EA-6AC9-47A8-929E-AFB7A3D9ABBD}.Debug|Any CPU.Build.0 = Debug|Any CPU
		{BEB5A2EA-6AC9-47A8-929E-AFB7A3D9ABBD}.Release|Any CPU.ActiveCfg = Release|Any CPU
		{BEB5A2EA-6AC9-47A8-929E-AFB7A3D9ABBD}.Release|Any CPU.Build.0 = Release|Any CPU
		{5FCD07E4-92F6-4B9C-92B0-1B473E88D22D}.Debug|Any CPU.ActiveCfg = Debug|Any CPU
		{5FCD07E4-92F6-4B9C-92B0-1B473E88D22D}.Debug|Any CPU.Build.0 = Debug|Any CPU
		{5FCD07E4-92F6-4B9C-92B0-1B473E88D22D}.Release|Any CPU.ActiveCfg = Release|Any CPU
		{5FCD07E4-92F6-4B9C-92B0-1B473E88D22D}.Release|Any CPU.Build.0 = Release|Any CPU
	EndGlobalSection
	GlobalSection(SolutionProperties) = preSolution
		HideSolutionNode = FALSE
	EndGlobalSection
	GlobalSection(NestedProjects) = preSolution
		{C82DFDED-7943-4F53-958F-7E281EDC6920} = {1F97D5A4-285F-4962-8F8C-BCEF8278143B}
		{85522D0F-39AA-4C39-9A32-5450AA1541C2} = {1F97D5A4-285F-4962-8F8C-BCEF8278143B}
		{E1E20280-649C-4F13-9270-6F9BC63ED118} = {1F97D5A4-285F-4962-8F8C-BCEF8278143B}
		{BEB5A2EA-6AC9-47A8-929E-AFB7A3D9ABBD} = {4744CD6C-82C3-4D38-A708-3D301A74397F}
		{5FCD07E4-92F6-4B9C-92B0-1B473E88D22D} = {1F97D5A4-285F-4962-8F8C-BCEF8278143B}
	EndGlobalSection
	GlobalSection(ExtensibilityGlobals) = postSolution
		SolutionGuid = {93230366-D5C3-4397-83D3-ED46E43B8121}
	EndGlobalSection
EndGlobal
