
Microsoft Visual Studio Solution File, Format Version 12.00
# Visual Studio 15
VisualStudioVersion = 15.0.27130.2024
MinimumVisualStudioVersion = 10.0.40219.1
Project("{2150E333-8FDC-42A3-9474-1A3956D46DE8}") = "src", "src", "{1F97D5A4-285F-4962-8F8C-BCEF8278143B}"
EndProject
Project("{2150E333-8FDC-42A3-9474-1A3956D46DE8}") = "Solution Items", "Solution Items", "{EA7DA5A5-A451-4637-8D7F-E54727C68BD3}"
	ProjectSection(SolutionItems) = preProject
		Clean.cmd = Clean.cmd
		NuGet.Config = NuGet.Config
	EndProjectSection
EndProject
Project("{2150E333-8FDC-42A3-9474-1A3956D46DE8}") = "test", "test", "{4744CD6C-82C3-4D38-A708-3D301A74397F}"
EndProject
Project("{9A19103F-16F7-4668-BE54-9A1E7A4F7556}") = "MessagePack", "src\MessagePack\MessagePack.csproj", "{C82DFDED-7943-4F53-958F-7E281EDC6920}"
EndProject
Project("{9A19103F-16F7-4668-BE54-9A1E7A4F7556}") = "MessagePack.ImmutableCollection", "src\MessagePack.ImmutableCollection\MessagePack.ImmutableCollection.csproj", "{85522D0F-39AA-4C39-9A32-5450AA1541C2}"
EndProject
Project("{9A19103F-16F7-4668-BE54-9A1E7A4F7556}") = "MessagePack.Tests", "test\MessagePack.Tests\MessagePack.Tests.csproj", "{67719BE4-D734-4D25-AE30-7B0E078D09D1}"
EndProject
Project("{2150E333-8FDC-42A3-9474-1A3956D46DE8}") = "benchmark", "benchmark", "{FACE25BE-FB88-424B-9D9E-C78542E6FEF9}"
EndProject
Project("{9A19103F-16F7-4668-BE54-9A1E7A4F7556}") = "SerializerBenchmark", "benchmark\SerializerBenchmark\SerializerBenchmark.csproj", "{209B8F56-FD13-4121-B53A-775BDDB4C0D8}"
EndProject
Project("{9A19103F-16F7-4668-BE54-9A1E7A4F7556}") = "MessagePack.LZ4", "src\MessagePack.LZ4\MessagePack.LZ4.csproj", "{028380C2-D126-4E9A-BC60-6C425625446E}"
EndProject
Project("{9A19103F-16F7-4668-BE54-9A1E7A4F7556}") = "MessagePack.Hyperion", "src\MessagePack.Hyperion\MessagePack.Hyperion.csproj", "{310BF6D7-EBD4-467F-96D1-6F8B8AC525E7}"
EndProject
Global
	GlobalSection(SolutionConfigurationPlatforms) = preSolution
		Debug|Any CPU = Debug|Any CPU
		Release|Any CPU = Release|Any CPU
	EndGlobalSection
	GlobalSection(ProjectConfigurationPlatforms) = postSolution
		{C82DFDED-7943-4F53-958F-7E281EDC6920}.Debug|Any CPU.ActiveCfg = Debug|Any CPU
		{C82DFDED-7943-4F53-958F-7E281EDC6920}.Debug|Any CPU.Build.0 = Debug|Any CPU
		{C82DFDED-7943-4F53-958F-7E281EDC6920}.Release|Any CPU.ActiveCfg = Release|Any CPU
		{C82DFDED-7943-4F53-958F-7E281EDC6920}.Release|Any CPU.Build.0 = Release|Any CPU
		{85522D0F-39AA-4C39-9A32-5450AA1541C2}.Debug|Any CPU.ActiveCfg = Debug|Any CPU
		{85522D0F-39AA-4C39-9A32-5450AA1541C2}.Debug|Any CPU.Build.0 = Debug|Any CPU
		{85522D0F-39AA-4C39-9A32-5450AA1541C2}.Release|Any CPU.ActiveCfg = Release|Any CPU
		{85522D0F-39AA-4C39-9A32-5450AA1541C2}.Release|Any CPU.Build.0 = Release|Any CPU
		{67719BE4-D734-4D25-AE30-7B0E078D09D1}.Debug|Any CPU.ActiveCfg = Debug|Any CPU
		{67719BE4-D734-4D25-AE30-7B0E078D09D1}.Debug|Any CPU.Build.0 = Debug|Any CPU
		{67719BE4-D734-4D25-AE30-7B0E078D09D1}.Release|Any CPU.ActiveCfg = Release|Any CPU
		{67719BE4-D734-4D25-AE30-7B0E078D09D1}.Release|Any CPU.Build.0 = Release|Any CPU
		{209B8F56-FD13-4121-B53A-775BDDB4C0D8}.Debug|Any CPU.ActiveCfg = Debug|Any CPU
		{209B8F56-FD13-4121-B53A-775BDDB4C0D8}.Debug|Any CPU.Build.0 = Debug|Any CPU
		{209B8F56-FD13-4121-B53A-775BDDB4C0D8}.Release|Any CPU.ActiveCfg = Release|Any CPU
		{209B8F56-FD13-4121-B53A-775BDDB4C0D8}.Release|Any CPU.Build.0 = Release|Any CPU
		{028380C2-D126-4E9A-BC60-6C425625446E}.Debug|Any CPU.ActiveCfg = Debug|Any CPU
		{028380C2-D126-4E9A-BC60-6C425625446E}.Debug|Any CPU.Build.0 = Debug|Any CPU
		{028380C2-D126-4E9A-BC60-6C425625446E}.Release|Any CPU.ActiveCfg = Release|Any CPU
		{028380C2-D126-4E9A-BC60-6C425625446E}.Release|Any CPU.Build.0 = Release|Any CPU
		{310BF6D7-EBD4-467F-96D1-6F8B8AC525E7}.Debug|Any CPU.ActiveCfg = Debug|Any CPU
		{310BF6D7-EBD4-467F-96D1-6F8B8AC525E7}.Debug|Any CPU.Build.0 = Debug|Any CPU
		{310BF6D7-EBD4-467F-96D1-6F8B8AC525E7}.Release|Any CPU.ActiveCfg = Release|Any CPU
		{310BF6D7-EBD4-467F-96D1-6F8B8AC525E7}.Release|Any CPU.Build.0 = Release|Any CPU
	EndGlobalSection
	GlobalSection(SolutionProperties) = preSolution
		HideSolutionNode = FALSE
	EndGlobalSection
	GlobalSection(NestedProjects) = preSolution
		{C82DFDED-7943-4F53-958F-7E281EDC6920} = {1F97D5A4-285F-4962-8F8C-BCEF8278143B}
		{85522D0F-39AA-4C39-9A32-5450AA1541C2} = {1F97D5A4-285F-4962-8F8C-BCEF8278143B}
		{67719BE4-D734-4D25-AE30-7B0E078D09D1} = {4744CD6C-82C3-4D38-A708-3D301A74397F}
		{209B8F56-FD13-4121-B53A-775BDDB4C0D8} = {FACE25BE-FB88-424B-9D9E-C78542E6FEF9}
		{028380C2-D126-4E9A-BC60-6C425625446E} = {1F97D5A4-285F-4962-8F8C-BCEF8278143B}
		{310BF6D7-EBD4-467F-96D1-6F8B8AC525E7} = {1F97D5A4-285F-4962-8F8C-BCEF8278143B}
	EndGlobalSection
	GlobalSection(ExtensibilityGlobals) = postSolution
		SolutionGuid = {93230366-D5C3-4397-83D3-ED46E43B8121}
	EndGlobalSection
EndGlobal
